<?xml version="1.0" encoding="utf-8"?>
<Project ToolsVersion="4.0" xmlns="http://schemas.microsoft.com/developer/msbuild/2003">
  <ItemGroup>
    <ClCompile Include="..\src\components\DeAcceleration.cpp" />
    <ClCompile Include="..\src\components\FighterCtrl.cpp" />
    <ClCompile Include="..\src\components\GameCtrl.cpp" />
    <ClCompile Include="..\src\components\Gun.cpp" />
    <ClCompile Include="..\src\components\Health.cpp" />
    <ClCompile Include="..\src\components\Image.cpp" />
    <ClCompile Include="..\src\components\ImageWithFrames.cpp" />
    <ClCompile Include="..\src\components\PacManCtrl.cpp" />
    <ClCompile Include="..\src\components\ShowAtOppositeSide.cpp" />
    <ClCompile Include="..\src\components\StarMotion.cpp" />
    <ClCompile Include="..\src\components\StopOnBorders.cpp" />
    <ClCompile Include="..\src\ecs\Manager.cpp" />
    <ClCompile Include="..\src\game\Game.cpp" />
    <ClCompile Include="..\src\game\PausedState.cpp" />
    <ClCompile Include="..\src\game\RunningState.cpp" />
    <ClCompile Include="..\SRC\json\JSON.cpp" />
    <ClCompile Include="..\SRC\json\JSONValue.cpp" />
    <ClCompile Include="..\SRC\json\json_demo.cpp" />
    <ClCompile Include="..\SRC\main.cpp" />
    <ClCompile Include="..\SRC\sdlutils\SDLNetUtils.cpp" />
    <ClCompile Include="..\SRC\sdlutils\SDLUtils.cpp" />
    <ClCompile Include="..\SRC\sdlutils\SDLUtilsError.cpp" />
    <ClCompile Include="..\SRC\sdlutils\sdlutils_demo.cpp" />
    <ClCompile Include="..\SRC\sdlutils\SoundEffect.cpp" />
    <ClCompile Include="..\SRC\sdlutils\Texture.cpp" />
    <ClCompile Include="..\SRC\utils\Collisions.cpp" />
    <ClCompile Include="..\SRC\utils\Vector2D.cpp" />
    <ClCompile Include="..\src\components\Follow.cpp" />
    <ClCompile Include="..\src\components\Generations.cpp" />
  </ItemGroup>
  <ItemGroup>
    <ClInclude Include="..\src\components\DeAcceleration.h" />
    <ClInclude Include="..\src\components\FighterCtrl.h" />
    <ClInclude Include="..\src\components\GameCtrl.h" />
    <ClInclude Include="..\src\components\Gun.h" />
    <ClInclude Include="..\src\components\Health.h" />
    <ClInclude Include="..\src\components\Image.h" />
    <ClInclude Include="..\src\components\ImageWithFrames.h" />
    <ClInclude Include="..\src\components\PacManCtrl.h" />
    <ClInclude Include="..\src\components\ShowAtOppositeSide.h" />
    <ClInclude Include="..\src\components\StarMotion.h" />
    <ClInclude Include="..\src\components\StopOnBorders.h" />
    <ClInclude Include="..\src\components\Transform.h" />
    <ClInclude Include="..\src\ecs\Component.h" />
    <ClInclude Include="..\src\ecs\ecs.h" />
    <ClInclude Include="..\src\ecs\ecs_defs_example.h" />
    <ClInclude Include="..\src\ecs\Entity.h" />
    <ClInclude Include="..\src\ecs\Manager.h" />
    <ClInclude Include="..\src\game\ecs_defs.h" />
    <ClInclude Include="..\src\game\Game.h" />
    <ClInclude Include="..\src\game\GameState.h" />
    <ClInclude Include="..\src\game\PausedState.h" />
    <ClInclude Include="..\src\game\RunningState.h" />
    <ClInclude Include="..\SRC\json\JSON.h" />
    <ClInclude Include="..\SRC\json\JSONValue.h" />
    <ClInclude Include="..\SRC\json\json_demo.h" />
    <ClInclude Include="..\SRC\sdlutils\Font.h" />
    <ClInclude Include="..\SRC\sdlutils\InputHandler.h" />
    <ClInclude Include="..\SRC\sdlutils\macros.h" />
    <ClInclude Include="..\SRC\sdlutils\Music.h" />
    <ClInclude Include="..\SRC\sdlutils\RandomNumberGenerator.h" />
    <ClInclude Include="..\SRC\sdlutils\SDLNetUtils.h" />
    <ClInclude Include="..\SRC\sdlutils\SDLUtils.h" />
    <ClInclude Include="..\SRC\sdlutils\SDLUtilsError.h" />
    <ClInclude Include="..\SRC\sdlutils\sdlutils_demo.h" />
    <ClInclude Include="..\SRC\sdlutils\SoundEffect.h" />
    <ClInclude Include="..\SRC\sdlutils\Texture.h" />
    <ClInclude Include="..\SRC\sdlutils\VirtualTimer.h" />
    <ClInclude Include="..\SRC\utils\Collisions.h" />
    <ClInclude Include="..\SRC\utils\DynamicBitSet.h" />
    <ClInclude Include="..\SRC\utils\GenID.h" />
    <ClInclude Include="..\SRC\utils\mpl.h" />
    <ClInclude Include="..\SRC\utils\ptr_iterator.h" />
    <ClInclude Include="..\SRC\utils\Singleton.h" />
    <ClInclude Include="..\SRC\utils\Vector2D.h" />
    <ClInclude Include="..\src\components\Follow.h" />
    <ClInclude Include="..\src\components\Generations.h" />
  </ItemGroup>
  <ItemGroup>
    <None Include="..\src\ecs\RAEDME.md" />
  </ItemGroup>
</Project>